// !$*UTF8*$!
{
	archiveVersion = 1;
	classes = {
	};
	objectVersion = 63;
	objects = {

/* Begin PBXBuildFile section */
		04FD84B715F7C2348ADC98BB /* EnergyService.swift in Sources */ = {isa = PBXBuildFile; fileRef = EB1E1951399A198F302607CE /* EnergyService.swift */; };
		0676BD063CE7C84D9C42B76A /* TestIntegrationRunner.swift in Sources */ = {isa = PBXBuildFile; fileRef = F70543183444F6E03AF3A1BD /* TestIntegrationRunner.swift */; };
		0E28AA28712E79217C54EA03 /* MqttDeviceSolarbank.swift in Sources */ = {isa = PBXBuildFile; fileRef = 2E23DEF77403F71B7AD28DE2 /* MqttDeviceSolarbank.swift */; };
		1602E8325909517A9B20C694 /* TestApiEndpoints.swift in Sources */ = {isa = PBXBuildFile; fileRef = 2A124710B3F50BC19BC568C9 /* TestApiEndpoints.swift */; };
		19BBECEA348DB193F7C73EF9 /* ApiHelpers.swift in Sources */ = {isa = PBXBuildFile; fileRef = 1D0691A1069FE2FA70EB341D /* ApiHelpers.swift */; };
		1A2B3C4D5E6F708192A3B4C5 /* mqttmap.json in Resources */ = {isa = PBXBuildFile; fileRef = 1A2B3C4D5E6F708192A3B4C6 /* mqttmap.json */; };
		20A3FBC0F7D565790444FBE8 /* ApiHelpers.swift in Sources */ = {isa = PBXBuildFile; fileRef = 1D0691A1069FE2FA70EB341D /* ApiHelpers.swift */; };
		24E35DD73C8D56398A7A9FBB /* ApiTypes.swift in Sources */ = {isa = PBXBuildFile; fileRef = A3A3E64FDCC3FA5B8444F007 /* ApiTypes.swift */; };
		32F2D4C02B76B0E352607391 /* TestMqttMonitor.swift in Sources */ = {isa = PBXBuildFile; fileRef = 743082CBF9584EA0B4918C27 /* TestMqttMonitor.swift */; };
		34C2158190F5CFB5E8DA2489 /* MqttDeviceFactory.swift in Sources */ = {isa = PBXBuildFile; fileRef = E4B4968F09D818490A28A240 /* MqttDeviceFactory.swift */; };
		35826E770D68BEEE771C8931 /* MqttDeviceSolarbank.swift in Sources */ = {isa = PBXBuildFile; fileRef = 2E23DEF77403F71B7AD28DE2 /* MqttDeviceSolarbank.swift */; };
		396B5C410100AFD9FF195D06 /* MqttDeviceVarious.swift in Sources */ = {isa = PBXBuildFile; fileRef = B8B86A09A0A5709547DB685C /* MqttDeviceVarious.swift */; };
		3C5275F5E12AA303D8691E28 /* PowerPanelService.swift in Sources */ = {isa = PBXBuildFile; fileRef = 1D72381D7C870F3D6157A66F /* PowerPanelService.swift */; };
		3EA19876A38EE167DC499949 /* VehicleService.swift in Sources */ = {isa = PBXBuildFile; fileRef = 1410F6990EB31C49F9E0734C /* VehicleService.swift */; };
		3F388D6FF28623DB0290B5E5 /* MqttDevice.swift in Sources */ = {isa = PBXBuildFile; fileRef = ECA46DC02DBC6499ECB28F4C /* MqttDevice.swift */; };
		41886D730D1FAAF6410DACF7 /* MqttTypes.swift in Sources */ = {isa = PBXBuildFile; fileRef = 1A88047943254E9A8AFEADE4 /* MqttTypes.swift */; };
		4604097E1E6AD51AF2F25B55 /* MqttDeviceVarious.swift in Sources */ = {isa = PBXBuildFile; fileRef = B8B86A09A0A5709547DB685C /* MqttDeviceVarious.swift */; };
		4A29C7D62F51C586001A1C38 /* SolixMenuApp.swift in Sources */ = {isa = PBXBuildFile; fileRef = D2E3F4A5B6C708192A3B5C6D /* SolixMenuApp.swift */; };
		4FD777542427FB69E34C2D9B /* TestApiLogin.swift in Sources */ = {isa = PBXBuildFile; fileRef = F0A24CB4637890A6AC9DF8F3 /* TestApiLogin.swift */; };
		5702EB591901662790D3F2C8 /* SolixApi.swift in Sources */ = {isa = PBXBuildFile; fileRef = 6E8A01CF3BDEAD7E139BF3FD /* SolixApi.swift */; };
		595E8C96870937E9D684B003 /* ApiPoller.swift in Sources */ = {isa = PBXBuildFile; fileRef = B4F2F9F2DFEDEDB4DAAE8594 /* ApiPoller.swift */; };
		5AEE39711684CB8C3FECE852 /* MqttMap.swift in Sources */ = {isa = PBXBuildFile; fileRef = A9A94744D6D94929C6EE0C7F /* MqttMap.swift */; };
		5B86CE9D6E7668B237FC5A2C /* SolixApi.swift in Sources */ = {isa = PBXBuildFile; fileRef = 6E8A01CF3BDEAD7E139BF3FD /* SolixApi.swift */; };
		5BC17E027C078DF01F443CD5 /* ExportService.swift in Sources */ = {isa = PBXBuildFile; fileRef = C9B6114EFF79B17E02A68A2B /* ExportService.swift */; };
		5DF0199CCCBF87118D4EB6D6 /* TestMqttMonitor.swift in Sources */ = {isa = PBXBuildFile; fileRef = 743082CBF9584EA0B4918C27 /* TestMqttMonitor.swift */; };
		5F4E3D2C1B0A090807060504 /* MenuItemRenderer.swift in Sources */ = {isa = PBXBuildFile; fileRef = 6E5D4C3B2A19081706050403 /* MenuItemRenderer.swift */; };
		611CA76DD328683056FC6E01 /* ApiBase.swift in Sources */ = {isa = PBXBuildFile; fileRef = FFAF025722FA99C326001D04 /* ApiBase.swift */; };
		66589756BC4EE7EDC2C361FE /* ApiPoller.swift in Sources */ = {isa = PBXBuildFile; fileRef = B4F2F9F2DFEDEDB4DAAE8594 /* ApiPoller.swift */; };
		68B7BA67375822A5F54C31A1 /* MqttDeviceCharger.swift in Sources */ = {isa = PBXBuildFile; fileRef = A99A23CD2DA33283BFD48425 /* MqttDeviceCharger.swift */; };
		6F87CDBBDAB23815ADC03A39 /* ScheduleService.swift in Sources */ = {isa = PBXBuildFile; fileRef = 0DD888A67C83A04CA4B12BD1 /* ScheduleService.swift */; };
		723FEC7AC8F28C4F19E9090E /* MqttCommandMap.swift in Sources */ = {isa = PBXBuildFile; fileRef = 0CE152833BCA00EC7105CFAD /* MqttCommandMap.swift */; };
		7AAC6B603EBCEB2AF657C426 /* TestIntegrationRunner.swift in Sources */ = {isa = PBXBuildFile; fileRef = F70543183444F6E03AF3A1BD /* TestIntegrationRunner.swift */; };
		7B7C8D9E0F1234567890ABCD /* StatusBarController.swift in Sources */ = {isa = PBXBuildFile; fileRef = 7B7C8D9E0F1234567890ABCE /* StatusBarController.swift */; };
		87FD7FF739C9664796D886AF /* MqttSession.swift in Sources */ = {isa = PBXBuildFile; fileRef = F469B15888FC41A1130DB7D1 /* MqttSession.swift */; };
		8D0D0BA12C1FC633FD1D6B57 /* PowerPanelService.swift in Sources */ = {isa = PBXBuildFile; fileRef = 1D72381D7C870F3D6157A66F /* PowerPanelService.swift */; };
		9437874A0466D70895F58370 /* ExportService.swift in Sources */ = {isa = PBXBuildFile; fileRef = C9B6114EFF79B17E02A68A2B /* ExportService.swift */; };
		945B1668655B6D41D0B7EAB7 /* TestApiSitesDevices.swift in Sources */ = {isa = PBXBuildFile; fileRef = FFBE54EAF3C1C6BBC8187862 /* TestApiSitesDevices.swift */; };
		94B5CACF7CE00773C84A652A /* MqttDeviceCharger.swift in Sources */ = {isa = PBXBuildFile; fileRef = A99A23CD2DA33283BFD48425 /* MqttDeviceCharger.swift */; };
		9536512E303693D3BDC01B54 /* MQTTNIO in Frameworks */ = {isa = PBXBuildFile; productRef = FF3BAD250D06679F56EA2515 /* MQTTNIO */; };
		966B380C6A0CFC5B05596788 /* MqttCommandMap.swift in Sources */ = {isa = PBXBuildFile; fileRef = 0CE152833BCA00EC7105CFAD /* MqttCommandMap.swift */; };
		999549CA27C70E8B3D5134AE /* TestTicket19CLI.swift in Sources */ = {isa = PBXBuildFile; fileRef = 64ECC08CFEF2BD1D76E8249E /* TestTicket19CLI.swift */; };
		9BB5407B5F9C983491DB7EB6 /* MqttMap.swift in Sources */ = {isa = PBXBuildFile; fileRef = A9A94744D6D94929C6EE0C7F /* MqttMap.swift */; };
		9C8B7A6D5E4F3210ABCDEF12 /* ChargeDischargeAnimator.swift in Sources */ = {isa = PBXBuildFile; fileRef = 8F7E6D5C4B3A210FEDCBA098 /* ChargeDischargeAnimator.swift */; };
		A043E58B2102F716E526EF9D /* ApiTypes.swift in Sources */ = {isa = PBXBuildFile; fileRef = A3A3E64FDCC3FA5B8444F007 /* ApiTypes.swift */; };
		A08520650F4FEBE3801BE33E /* MqttDevice.swift in Sources */ = {isa = PBXBuildFile; fileRef = ECA46DC02DBC6499ECB28F4C /* MqttDevice.swift */; };
		A1B2C3D4E5F60718293A4B5D /* AccountSettingsWindow.swift in Sources */ = {isa = PBXBuildFile; fileRef = A1B2C3D4E5F60718293A4B5E /* AccountSettingsWindow.swift */; };
		A1B2C3D4E5F60718293A4B5F /* AboutWindow.swift in Sources */ = {isa = PBXBuildFile; fileRef = A1B2C3D4E5F60718293A4B60 /* AboutWindow.swift */; };
		A1B2C3D4E5F60718293A4B61 /* AppLocalization.swift in Sources */ = {isa = PBXBuildFile; fileRef = A1B2C3D4E5F60718293A4B62 /* AppLocalization.swift */; };
		A1B2C3D4E5F60718293A4B63 /* Localizable.strings in Resources */ = {isa = PBXBuildFile; fileRef = A1B2C3D4E5F60718293A4B64 /* Localizable.strings */; };
		A1B2C3D4E5F60718293A4B65 /* Localizable_ja.strings in Resources */ = {isa = PBXBuildFile; fileRef = A1B2C3D4E5F60718293A4B66 /* Localizable_ja.strings */; };
		B2C3D4E5F60718293A4B703 /* AppLogger.swift in Sources */ = {isa = PBXBuildFile; fileRef = B2C3D4E5F60718293A4B701 /* AppLogger.swift */; };
		B2C3D4E5F60718293A4B704 /* AppSettings.swift in Sources */ = {isa = PBXBuildFile; fileRef = B2C3D4E5F60718293A4B702 /* AppSettings.swift */; };
		B2C3D4E5F60718293A4B705 /* AppLogger.swift in Sources */ = {isa = PBXBuildFile; fileRef = B2C3D4E5F60718293A4B701 /* AppLogger.swift */; };
		B2C3D4E5F60718293A4B706 /* AppSettings.swift in Sources */ = {isa = PBXBuildFile; fileRef = B2C3D4E5F60718293A4B702 /* AppSettings.swift */; };
		AB12CD34EF56AB7890CD1234 /* TlsProbeRunner.swift in Sources */ = {isa = PBXBuildFile; fileRef = A1B2C3D4E5F60718293A4B5C /* TlsProbeRunner.swift */; };
		AD7D03EBF4C7F3FB2B4F4BB3 /* MqttDevicePps.swift in Sources */ = {isa = PBXBuildFile; fileRef = 72F7CE44365A912349AE0522 /* MqttDevicePps.swift */; };
		B00E5BB84DB1E594EF46C78A /* ApiSession.swift in Sources */ = {isa = PBXBuildFile; fileRef = FA75097F5A278B398F5EE557 /* ApiSession.swift */; };
		B1EF03CABAEF84A30A7EB49D /* HesService.swift in Sources */ = {isa = PBXBuildFile; fileRef = 8AD61CE985A3B8DBE4336860 /* HesService.swift */; };
		B5BCDC721981942BA5A969FB /* VehicleService.swift in Sources */ = {isa = PBXBuildFile; fileRef = 1410F6990EB31C49F9E0734C /* VehicleService.swift */; };
		B7862FEDD36B7372D7CB0E93 /* ApiBase.swift in Sources */ = {isa = PBXBuildFile; fileRef = FFAF025722FA99C326001D04 /* ApiBase.swift */; };
		B994B6F29F30830CA8E9AB7C /* HesService.swift in Sources */ = {isa = PBXBuildFile; fileRef = 8AD61CE985A3B8DBE4336860 /* HesService.swift */; };
		BBF08F0B46DFB0FFB55A7933 /* ApiErrors.swift in Sources */ = {isa = PBXBuildFile; fileRef = 542EB7E8641A3307B2671E0C /* ApiErrors.swift */; };
		BF2DF45693D37712B0C450FD /* MqttDeviceFactory.swift in Sources */ = {isa = PBXBuildFile; fileRef = E4B4968F09D818490A28A240 /* MqttDeviceFactory.swift */; };
		C0A1B2C3D4E5F60718293A4C /* CredentialStore.swift in Sources */ = {isa = PBXBuildFile; fileRef = C0A1B2C3D4E5F60718293A4D /* CredentialStore.swift */; };
		C0A1B2C3D4E5F60718293A4E /* LoginController.swift in Sources */ = {isa = PBXBuildFile; fileRef = C0A1B2C3D4E5F60718293A4F /* LoginController.swift */; };
		D0CFE046D407A06560C1D4C5 /* TestApiSitesDevices.swift in Sources */ = {isa = PBXBuildFile; fileRef = FFBE54EAF3C1C6BBC8187862 /* TestApiSitesDevices.swift */; };
		D2F837094251E068D2A93537 /* MqttDevicePps.swift in Sources */ = {isa = PBXBuildFile; fileRef = 72F7CE44365A912349AE0522 /* MqttDevicePps.swift */; };
		D6BA4CB75F7D15E66D09E186 /* ScheduleService.swift in Sources */ = {isa = PBXBuildFile; fileRef = 0DD888A67C83A04CA4B12BD1 /* ScheduleService.swift */; };
		D6E56E918B8565FCA363B953 /* TestApiLogin.swift in Sources */ = {isa = PBXBuildFile; fileRef = F0A24CB4637890A6AC9DF8F3 /* TestApiLogin.swift */; };
		D9617E28B618319BE01F1D7E /* TestApiEndpoints.swift in Sources */ = {isa = PBXBuildFile; fileRef = 2A124710B3F50BC19BC568C9 /* TestApiEndpoints.swift */; };
		E0470765BCAA071B2C42F0DC /* ApiErrors.swift in Sources */ = {isa = PBXBuildFile; fileRef = 542EB7E8641A3307B2671E0C /* ApiErrors.swift */; };
		E1F2A3B4C5D60718293A4B5C /* SolixAppCoordinator.swift in Sources */ = {isa = PBXBuildFile; fileRef = D1E2F3A4B5C60718293A4B5C /* SolixAppCoordinator.swift */; };
		E4F5A6B7C8D9012A3B4C5D6E /* SolixAppState.swift in Sources */ = {isa = PBXBuildFile; fileRef = E3F4A5B6C7D8091A2B3C4D5F /* SolixAppState.swift */; };
		E521A549B1708325FA9B56BF /* EnergyService.swift in Sources */ = {isa = PBXBuildFile; fileRef = EB1E1951399A198F302607CE /* EnergyService.swift */; };
		E600A3E988C401A3731F779C /* MqttTypes.swift in Sources */ = {isa = PBXBuildFile; fileRef = 1A88047943254E9A8AFEADE4 /* MqttTypes.swift */; };
		EA683143C3BAD9B89FF4D6CD /* MQTTNIO in Frameworks */ = {isa = PBXBuildFile; productRef = 7C9DFD0F1FFFF5250B13C0A2 /* MQTTNIO */; };
		F8F992CBEBC405D4452343B6 /* MqttSession.swift in Sources */ = {isa = PBXBuildFile; fileRef = F469B15888FC41A1130DB7D1 /* MqttSession.swift */; };
		FBF938F34CA04C7934A1CA28 /* ApiSession.swift in Sources */ = {isa = PBXBuildFile; fileRef = FA75097F5A278B398F5EE557 /* ApiSession.swift */; };
/* End PBXBuildFile section */

/* Begin PBXFileReference section */
		0CE152833BCA00EC7105CFAD /* MqttCommandMap.swift */ = {isa = PBXFileReference; lastKnownFileType = sourcecode.swift; path = MqttCommandMap.swift; sourceTree = "<group>"; };
		0DD888A67C83A04CA4B12BD1 /* ScheduleService.swift */ = {isa = PBXFileReference; lastKnownFileType = sourcecode.swift; path = ScheduleService.swift; sourceTree = "<group>"; };
		1410F6990EB31C49F9E0734C /* VehicleService.swift */ = {isa = PBXFileReference; lastKnownFileType = sourcecode.swift; path = VehicleService.swift; sourceTree = "<group>"; };
		1A2B3C4D5E6F708192A3B4C6 /* mqttmap.json */ = {isa = PBXFileReference; lastKnownFileType = text.json; path = mqttmap.json; sourceTree = "<group>"; };
		1A88047943254E9A8AFEADE4 /* MqttTypes.swift */ = {isa = PBXFileReference; lastKnownFileType = sourcecode.swift; path = MqttTypes.swift; sourceTree = "<group>"; };
		1D0691A1069FE2FA70EB341D /* ApiHelpers.swift */ = {isa = PBXFileReference; lastKnownFileType = sourcecode.swift; path = ApiHelpers.swift; sourceTree = "<group>"; };
		1D72381D7C870F3D6157A66F /* PowerPanelService.swift */ = {isa = PBXFileReference; lastKnownFileType = sourcecode.swift; path = PowerPanelService.swift; sourceTree = "<group>"; };
		2A124710B3F50BC19BC568C9 /* TestApiEndpoints.swift */ = {isa = PBXFileReference; lastKnownFileType = sourcecode.swift; path = TestApiEndpoints.swift; sourceTree = "<group>"; };
		2E23DEF77403F71B7AD28DE2 /* MqttDeviceSolarbank.swift */ = {isa = PBXFileReference; lastKnownFileType = sourcecode.swift; path = MqttDeviceSolarbank.swift; sourceTree = "<group>"; };
		4C2A3B0056955F099EB468B0 /* TestTicket19CLI */ = {isa = PBXFileReference; explicitFileType = "compiled.mach-o.executable"; includeInIndex = 0; path = TestTicket19CLI; sourceTree = BUILT_PRODUCTS_DIR; };
		542EB7E8641A3307B2671E0C /* ApiErrors.swift */ = {isa = PBXFileReference; lastKnownFileType = sourcecode.swift; path = ApiErrors.swift; sourceTree = "<group>"; };
		64ECC08CFEF2BD1D76E8249E /* TestTicket19CLI.swift */ = {isa = PBXFileReference; lastKnownFileType = sourcecode.swift; path = TestTicket19CLI.swift; sourceTree = "<group>"; };
		6E5D4C3B2A19081706050403 /* MenuItemRenderer.swift */ = {isa = PBXFileReference; lastKnownFileType = sourcecode.swift; path = MenuItemRenderer.swift; sourceTree = "<group>"; };
		6E8A01CF3BDEAD7E139BF3FD /* SolixApi.swift */ = {isa = PBXFileReference; lastKnownFileType = sourcecode.swift; path = SolixApi.swift; sourceTree = "<group>"; };
		72F7CE44365A912349AE0522 /* MqttDevicePps.swift */ = {isa = PBXFileReference; lastKnownFileType = sourcecode.swift; path = MqttDevicePps.swift; sourceTree = "<group>"; };
		743082CBF9584EA0B4918C27 /* TestMqttMonitor.swift */ = {isa = PBXFileReference; lastKnownFileType = sourcecode.swift; path = TestMqttMonitor.swift; sourceTree = "<group>"; };
		7B7C8D9E0F1234567890ABCE /* StatusBarController.swift */ = {isa = PBXFileReference; lastKnownFileType = sourcecode.swift; path = StatusBarController.swift; sourceTree = "<group>"; };
		8AD61CE985A3B8DBE4336860 /* HesService.swift */ = {isa = PBXFileReference; lastKnownFileType = sourcecode.swift; path = HesService.swift; sourceTree = "<group>"; };
		8F7E6D5C4B3A210FEDCBA098 /* ChargeDischargeAnimator.swift */ = {isa = PBXFileReference; lastKnownFileType = sourcecode.swift; path = ChargeDischargeAnimator.swift; sourceTree = "<group>"; };
		A0B1C2D3E4F5061728394A5B /* SolixMenu.app */ = {isa = PBXFileReference; explicitFileType = wrapper.application; includeInIndex = 0; path = SolixMenu.app; sourceTree = BUILT_PRODUCTS_DIR; };
		A1B2C3D4E5F60718293A4B5C /* TlsProbeRunner.swift */ = {isa = PBXFileReference; lastKnownFileType = sourcecode.swift; path = TlsProbeRunner.swift; sourceTree = "<group>"; };
		A1B2C3D4E5F60718293A4B5E /* AccountSettingsWindow.swift */ = {isa = PBXFileReference; lastKnownFileType = sourcecode.swift; path = AccountSettingsWindow.swift; sourceTree = "<group>"; };
		A1B2C3D4E5F60718293A4B60 /* AboutWindow.swift */ = {isa = PBXFileReference; lastKnownFileType = sourcecode.swift; path = AboutWindow.swift; sourceTree = "<group>"; };
		A1B2C3D4E5F60718293A4B62 /* AppLocalization.swift */ = {isa = PBXFileReference; lastKnownFileType = sourcecode.swift; path = AppLocalization.swift; sourceTree = "<group>"; };
		A1B2C3D4E5F60718293A4B64 /* Localizable.strings */ = {isa = PBXFileReference; lastKnownFileType = text.plist.strings; path = Localizable.strings; sourceTree = "<group>"; };
		A1B2C3D4E5F60718293A4B66 /* Localizable_ja.strings */ = {isa = PBXFileReference; lastKnownFileType = text.plist.strings; path = Localizable_ja.strings; sourceTree = "<group>"; };
		A3A3E64FDCC3FA5B8444F007 /* ApiTypes.swift */ = {isa = PBXFileReference; lastKnownFileType = sourcecode.swift; path = ApiTypes.swift; sourceTree = "<group>"; };
		A99A23CD2DA33283BFD48425 /* MqttDeviceCharger.swift */ = {isa = PBXFileReference; lastKnownFileType = sourcecode.swift; path = MqttDeviceCharger.swift; sourceTree = "<group>"; };
		A9A94744D6D94929C6EE0C7F /* MqttMap.swift */ = {isa = PBXFileReference; lastKnownFileType = sourcecode.swift; path = MqttMap.swift; sourceTree = "<group>"; };
		B4F2F9F2DFEDEDB4DAAE8594 /* ApiPoller.swift */ = {isa = PBXFileReference; lastKnownFileType = sourcecode.swift; path = ApiPoller.swift; sourceTree = "<group>"; };
		B8B86A09A0A5709547DB685C /* MqttDeviceVarious.swift */ = {isa = PBXFileReference; lastKnownFileType = sourcecode.swift; path = MqttDeviceVarious.swift; sourceTree = "<group>"; };
		C0A1B2C3D4E5F60718293A4D /* CredentialStore.swift */ = {isa = PBXFileReference; lastKnownFileType = sourcecode.swift; path = CredentialStore.swift; sourceTree = "<group>"; };
		C0A1B2C3D4E5F60718293A4F /* LoginController.swift */ = {isa = PBXFileReference; lastKnownFileType = sourcecode.swift; path = LoginController.swift; sourceTree = "<group>"; };
		C9B6114EFF79B17E02A68A2B /* ExportService.swift */ = {isa = PBXFileReference; lastKnownFileType = sourcecode.swift; path = ExportService.swift; sourceTree = "<group>"; };
		D1E2F3A4B5C60718293A4B5C /* SolixAppCoordinator.swift */ = {isa = PBXFileReference; lastKnownFileType = sourcecode.swift; path = SolixAppCoordinator.swift; sourceTree = "<group>"; };
		D2E3F4A5B6C708192A3B5C6D /* SolixMenuApp.swift */ = {isa = PBXFileReference; lastKnownFileType = sourcecode.swift; path = SolixMenuApp.swift; sourceTree = "<group>"; };
		D3E4F5A6B7C8091A2B3C4D5E /* Info.plist */ = {isa = PBXFileReference; lastKnownFileType = text.plist.xml; path = Info.plist; sourceTree = "<group>"; };
		E3F4A5B6C7D8091A2B3C4D5F /* SolixAppState.swift */ = {isa = PBXFileReference; lastKnownFileType = sourcecode.swift; path = SolixAppState.swift; sourceTree = "<group>"; };
		E4B4968F09D818490A28A240 /* MqttDeviceFactory.swift */ = {isa = PBXFileReference; lastKnownFileType = sourcecode.swift; path = MqttDeviceFactory.swift; sourceTree = "<group>"; };
		EB1E1951399A198F302607CE /* EnergyService.swift */ = {isa = PBXFileReference; lastKnownFileType = sourcecode.swift; path = EnergyService.swift; sourceTree = "<group>"; };
		ECA46DC02DBC6499ECB28F4C /* MqttDevice.swift */ = {isa = PBXFileReference; lastKnownFileType = sourcecode.swift; path = MqttDevice.swift; sourceTree = "<group>"; };
		F0A24CB4637890A6AC9DF8F3 /* TestApiLogin.swift */ = {isa = PBXFileReference; lastKnownFileType = sourcecode.swift; path = TestApiLogin.swift; sourceTree = "<group>"; };
		F469B15888FC41A1130DB7D1 /* MqttSession.swift */ = {isa = PBXFileReference; lastKnownFileType = sourcecode.swift; path = MqttSession.swift; sourceTree = "<group>"; };
		F70543183444F6E03AF3A1BD /* TestIntegrationRunner.swift */ = {isa = PBXFileReference; lastKnownFileType = sourcecode.swift; path = TestIntegrationRunner.swift; sourceTree = "<group>"; };
		FA75097F5A278B398F5EE557 /* ApiSession.swift */ = {isa = PBXFileReference; lastKnownFileType = sourcecode.swift; path = ApiSession.swift; sourceTree = "<group>"; };
		B2C3D4E5F60718293A4B701 /* AppLogger.swift */ = {isa = PBXFileReference; lastKnownFileType = sourcecode.swift; path = AppLogger.swift; sourceTree = "<group>"; };
		B2C3D4E5F60718293A4B702 /* AppSettings.swift */ = {isa = PBXFileReference; lastKnownFileType = sourcecode.swift; path = AppSettings.swift; sourceTree = "<group>"; };
		FFAF025722FA99C326001D04 /* ApiBase.swift */ = {isa = PBXFileReference; lastKnownFileType = sourcecode.swift; path = ApiBase.swift; sourceTree = "<group>"; };
		FFBE54EAF3C1C6BBC8187862 /* TestApiSitesDevices.swift */ = {isa = PBXFileReference; lastKnownFileType = sourcecode.swift; path = TestApiSitesDevices.swift; sourceTree = "<group>"; };
/* End PBXFileReference section */

/* Begin PBXFrameworksBuildPhase section */
		0F1CD16E73E9C43CAE454C04 /* Frameworks */ = {
			isa = PBXFrameworksBuildPhase;
			buildActionMask = 2147483647;
			files = (
				9536512E303693D3BDC01B54 /* MQTTNIO in Frameworks */,
			);
			runOnlyForDeploymentPostprocessing = 0;
		};
		FCF66C380E2C1779C6939919 /* Frameworks */ = {
			isa = PBXFrameworksBuildPhase;
			buildActionMask = 2147483647;
			files = (
				EA683143C3BAD9B89FF4D6CD /* MQTTNIO in Frameworks */,
			);
			runOnlyForDeploymentPostprocessing = 0;
		};
/* End PBXFrameworksBuildPhase section */

/* Begin PBXGroup section */
		130754E5D004DD03D52F72CC /* Core */ = {
			isa = PBXGroup;
			children = (
				FFAF025722FA99C326001D04 /* ApiBase.swift */,
				542EB7E8641A3307B2671E0C /* ApiErrors.swift */,
				1D0691A1069FE2FA70EB341D /* ApiHelpers.swift */,
				FA75097F5A278B398F5EE557 /* ApiSession.swift */,
				B2C3D4E5F60718293A4B701 /* AppLogger.swift */,
				B2C3D4E5F60718293A4B702 /* AppSettings.swift */,
			);
			path = Core;
			sourceTree = "<group>";
		};
		27EDEAF604F145BE2C77DFB1 /* MQTT */ = {
			isa = PBXGroup;
			children = (
				0CE152833BCA00EC7105CFAD /* MqttCommandMap.swift */,
				ECA46DC02DBC6499ECB28F4C /* MqttDevice.swift */,
				A99A23CD2DA33283BFD48425 /* MqttDeviceCharger.swift */,
				E4B4968F09D818490A28A240 /* MqttDeviceFactory.swift */,
				72F7CE44365A912349AE0522 /* MqttDevicePps.swift */,
				2E23DEF77403F71B7AD28DE2 /* MqttDeviceSolarbank.swift */,
				B8B86A09A0A5709547DB685C /* MqttDeviceVarious.swift */,
				A9A94744D6D94929C6EE0C7F /* MqttMap.swift */,
				F469B15888FC41A1130DB7D1 /* MqttSession.swift */,
				1A88047943254E9A8AFEADE4 /* MqttTypes.swift */,
			);
			path = MQTT;
			sourceTree = "<group>";
		};
		48F639BF23357891121DF677 /* Testing */ = {
			isa = PBXGroup;
			children = (
				2A124710B3F50BC19BC568C9 /* TestApiEndpoints.swift */,
				F0A24CB4637890A6AC9DF8F3 /* TestApiLogin.swift */,
				FFBE54EAF3C1C6BBC8187862 /* TestApiSitesDevices.swift */,
				F70543183444F6E03AF3A1BD /* TestIntegrationRunner.swift */,
				743082CBF9584EA0B4918C27 /* TestMqttMonitor.swift */,
			);
			path = Testing;
			sourceTree = "<group>";
		};
		4A3B2C1D0E0F101112131415 /* UI */ = {
			isa = PBXGroup;
			children = (
				6E5D4C3B2A19081706050403 /* MenuItemRenderer.swift */,
				8F7E6D5C4B3A210FEDCBA098 /* ChargeDischargeAnimator.swift */,
				A1B2C3D4E5F60718293A4B5E /* AccountSettingsWindow.swift */,
				A1B2C3D4E5F60718293A4B60 /* AboutWindow.swift */,
				A1B2C3D4E5F60718293A4B62 /* AppLocalization.swift */,
			);
			path = UI;
			sourceTree = "<group>";
		};
		582A4A58E6A96AE31C426E51 = {
			isa = PBXGroup;
			children = (
				A023C303E96F91DBC0666903 /* Sources */,
				1A2B3C4D5E6F708192A3B4C6 /* mqttmap.json */,
				993D2E79EB4ED51D90E90CDD /* TestingCLI */,
				71CF4DCB7B15CE253C832DFB /* Products */,
			);
			sourceTree = "<group>";
		};
		63CABDF788511393DA069AF4 /* Polling */ = {
			isa = PBXGroup;
			children = (
				B4F2F9F2DFEDEDB4DAAE8594 /* ApiPoller.swift */,
			);
			path = Polling;
			sourceTree = "<group>";
		};
		71CF4DCB7B15CE253C832DFB /* Products */ = {
			isa = PBXGroup;
			children = (
				A0B1C2D3E4F5061728394A5B /* SolixMenu.app */,
				4C2A3B0056955F099EB468B0 /* TestTicket19CLI */,
			);
			name = Products;
			sourceTree = "<group>";
		};
		993D2E79EB4ED51D90E90CDD /* TestingCLI */ = {
			isa = PBXGroup;
			children = (
				64ECC08CFEF2BD1D76E8249E /* TestTicket19CLI.swift */,
				A1B2C3D4E5F60718293A4B5C /* TlsProbeRunner.swift */,
			);
			path = TestingCLI;
			sourceTree = "<group>";
		};
		A023C303E96F91DBC0666903 /* Sources */ = {
			isa = PBXGroup;
			children = (
				C4D5E6F708192A3B4C5D6E7F /* App */,
				130754E5D004DD03D52F72CC /* Core */,
				27EDEAF604F145BE2C77DFB1 /* MQTT */,
				63CABDF788511393DA069AF4 /* Polling */,
				E9F9172E6F0B396B36590509 /* Services */,
				48F639BF23357891121DF677 /* Testing */,
				4A3B2C1D0E0F101112131415 /* UI */,
				A1B2C3D4E5F60718293A4B70 /* Resources */,
				B6987DF3819739ADE1E8308D /* Types */,
			);
			path = Sources;
			sourceTree = "<group>";
		};
		A1B2C3D4E5F60718293A4B70 /* Resources */ = {
			isa = PBXGroup;
			children = (
				A1B2C3D4E5F60718293A4B64 /* Localizable.strings */,
				A1B2C3D4E5F60718293A4B66 /* Localizable_ja.strings */,
			);
			path = Resources;
			sourceTree = "<group>";
		};
		B6987DF3819739ADE1E8308D /* Types */ = {
			isa = PBXGroup;
			children = (
				A3A3E64FDCC3FA5B8444F007 /* ApiTypes.swift */,
			);
			path = Types;
			sourceTree = "<group>";
		};
		C4D5E6F708192A3B4C5D6E7F /* App */ = {
			isa = PBXGroup;
			children = (
				D1E2F3A4B5C60718293A4B5C /* SolixAppCoordinator.swift */,
				E3F4A5B6C7D8091A2B3C4D5F /* SolixAppState.swift */,
				D2E3F4A5B6C708192A3B5C6D /* SolixMenuApp.swift */,
				7B7C8D9E0F1234567890ABCE /* StatusBarController.swift */,
				C0A1B2C3D4E5F60718293A4D /* CredentialStore.swift */,
				C0A1B2C3D4E5F60718293A4F /* LoginController.swift */,
				D3E4F5A6B7C8091A2B3C4D5E /* Info.plist */,
			);
			path = App;
			sourceTree = "<group>";
		};
		E9F9172E6F0B396B36590509 /* Services */ = {
			isa = PBXGroup;
			children = (
				EB1E1951399A198F302607CE /* EnergyService.swift */,
				C9B6114EFF79B17E02A68A2B /* ExportService.swift */,
				8AD61CE985A3B8DBE4336860 /* HesService.swift */,
				1D72381D7C870F3D6157A66F /* PowerPanelService.swift */,
				0DD888A67C83A04CA4B12BD1 /* ScheduleService.swift */,
				6E8A01CF3BDEAD7E139BF3FD /* SolixApi.swift */,
				1410F6990EB31C49F9E0734C /* VehicleService.swift */,
			);
			path = Services;
			sourceTree = "<group>";
		};
/* End PBXGroup section */

/* Begin PBXNativeTarget section */
		19280B98DBBD6D30AFEEB734 /* SolixMenu */ = {
			isa = PBXNativeTarget;
			buildConfigurationList = A1065A44CCA96BE164BB5C34 /* Build configuration list for PBXNativeTarget "SolixMenu" */;
			buildPhases = (
				F83BA37667F2DE792C5C454C /* Sources */,
				D4E5F6A7B8C9012D3E4F5A6B /* Resources */,
				0F1CD16E73E9C43CAE454C04 /* Frameworks */,
			);
			buildRules = (
			);
			dependencies = (
			);
			name = SolixMenu;
			packageProductDependencies = (
				FF3BAD250D06679F56EA2515 /* MQTTNIO */,
			);
			productName = SolixMenu;
			productReference = A0B1C2D3E4F5061728394A5B /* SolixMenu.app */;
			productType = "com.apple.product-type.application";
		};
		F3FE41904185D566D602A89E /* TestTicket19CLI */ = {
			isa = PBXNativeTarget;
			buildConfigurationList = DF8270D29C34C7B613C5E37D /* Build configuration list for PBXNativeTarget "TestTicket19CLI" */;
			buildPhases = (
				AD91A7F23C7B4167B5457D71 /* Sources */,
				FCF66C380E2C1779C6939919 /* Frameworks */,
			);
			buildRules = (
			);
			dependencies = (
			);
			name = TestTicket19CLI;
			packageProductDependencies = (
				7C9DFD0F1FFFF5250B13C0A2 /* MQTTNIO */,
			);
			productName = TestTicket19CLI;
			productReference = 4C2A3B0056955F099EB468B0 /* TestTicket19CLI */;
			productType = "com.apple.product-type.tool";
		};
/* End PBXNativeTarget section */

/* Begin PBXProject section */
		BFCB6DB67B7BF644FC327F47 /* Project object */ = {
			isa = PBXProject;
			attributes = {
				BuildIndependentTargetsInParallel = YES;
				LastUpgradeCheck = 2630;
			};
			buildConfigurationList = 12B633BA370B9B3EAC9601F4 /* Build configuration list for PBXProject "SolixMenu" */;
			compatibilityVersion = "Xcode 14.0";
			developmentRegion = en;
			hasScannedForEncodings = 0;
			knownRegions = (
				Base,
				en,
			);
			mainGroup = 582A4A58E6A96AE31C426E51;
			minimizedProjectReferenceProxies = 1;
			packageReferences = (
				58CB04D981CB61C19CABAFDB /* XCRemoteSwiftPackageReference "mqtt-nio" */,
			);
			projectDirPath = "";
			projectRoot = "";
			targets = (
				19280B98DBBD6D30AFEEB734 /* SolixMenu */,
				F3FE41904185D566D602A89E /* TestTicket19CLI */,
			);
		};
/* End PBXProject section */

/* Begin PBXResourcesBuildPhase section */
		D4E5F6A7B8C9012D3E4F5A6B /* Resources */ = {
			isa = PBXResourcesBuildPhase;
			buildActionMask = 2147483647;
			files = (
				1A2B3C4D5E6F708192A3B4C5 /* mqttmap.json in Resources */,
				A1B2C3D4E5F60718293A4B63 /* Localizable.strings in Resources */,
				A1B2C3D4E5F60718293A4B65 /* Localizable_ja.strings in Resources */,
			);
			runOnlyForDeploymentPostprocessing = 0;
		};
/* End PBXResourcesBuildPhase section */

/* Begin PBXSourcesBuildPhase section */
		AD91A7F23C7B4167B5457D71 /* Sources */ = {
			isa = PBXSourcesBuildPhase;
			buildActionMask = 2147483647;
			files = (
				611CA76DD328683056FC6E01 /* ApiBase.swift in Sources */,
				BBF08F0B46DFB0FFB55A7933 /* ApiErrors.swift in Sources */,
				20A3FBC0F7D565790444FBE8 /* ApiHelpers.swift in Sources */,
				66589756BC4EE7EDC2C361FE /* ApiPoller.swift in Sources */,
				FBF938F34CA04C7934A1CA28 /* ApiSession.swift in Sources */,
				B2C3D4E5F60718293A4B703 /* AppLogger.swift in Sources */,
				B2C3D4E5F60718293A4B704 /* AppSettings.swift in Sources */,
				24E35DD73C8D56398A7A9FBB /* ApiTypes.swift in Sources */,
				04FD84B715F7C2348ADC98BB /* EnergyService.swift in Sources */,
				5BC17E027C078DF01F443CD5 /* ExportService.swift in Sources */,
				B994B6F29F30830CA8E9AB7C /* HesService.swift in Sources */,
				723FEC7AC8F28C4F19E9090E /* MqttCommandMap.swift in Sources */,
				3F388D6FF28623DB0290B5E5 /* MqttDevice.swift in Sources */,
				68B7BA67375822A5F54C31A1 /* MqttDeviceCharger.swift in Sources */,
				34C2158190F5CFB5E8DA2489 /* MqttDeviceFactory.swift in Sources */,
				D2F837094251E068D2A93537 /* MqttDevicePps.swift in Sources */,
				0E28AA28712E79217C54EA03 /* MqttDeviceSolarbank.swift in Sources */,
				396B5C410100AFD9FF195D06 /* MqttDeviceVarious.swift in Sources */,
				9BB5407B5F9C983491DB7EB6 /* MqttMap.swift in Sources */,
				F8F992CBEBC405D4452343B6 /* MqttSession.swift in Sources */,
				41886D730D1FAAF6410DACF7 /* MqttTypes.swift in Sources */,
				3C5275F5E12AA303D8691E28 /* PowerPanelService.swift in Sources */,
				6F87CDBBDAB23815ADC03A39 /* ScheduleService.swift in Sources */,
				5702EB591901662790D3F2C8 /* SolixApi.swift in Sources */,
				1602E8325909517A9B20C694 /* TestApiEndpoints.swift in Sources */,
				4FD777542427FB69E34C2D9B /* TestApiLogin.swift in Sources */,
				945B1668655B6D41D0B7EAB7 /* TestApiSitesDevices.swift in Sources */,
				0676BD063CE7C84D9C42B76A /* TestIntegrationRunner.swift in Sources */,
				32F2D4C02B76B0E352607391 /* TestMqttMonitor.swift in Sources */,
				999549CA27C70E8B3D5134AE /* TestTicket19CLI.swift in Sources */,
				AB12CD34EF56AB7890CD1234 /* TlsProbeRunner.swift in Sources */,
				B5BCDC721981942BA5A969FB /* VehicleService.swift in Sources */,
			);
			runOnlyForDeploymentPostprocessing = 0;
		};
		F83BA37667F2DE792C5C454C /* Sources */ = {
			isa = PBXSourcesBuildPhase;
			buildActionMask = 2147483647;
			files = (
				B7862FEDD36B7372D7CB0E93 /* ApiBase.swift in Sources */,
				E0470765BCAA071B2C42F0DC /* ApiErrors.swift in Sources */,
				19BBECEA348DB193F7C73EF9 /* ApiHelpers.swift in Sources */,
				595E8C96870937E9D684B003 /* ApiPoller.swift in Sources */,
				B00E5BB84DB1E594EF46C78A /* ApiSession.swift in Sources */,
				B2C3D4E5F60718293A4B705 /* AppLogger.swift in Sources */,
				B2C3D4E5F60718293A4B706 /* AppSettings.swift in Sources */,
				A043E58B2102F716E526EF9D /* ApiTypes.swift in Sources */,
				E521A549B1708325FA9B56BF /* EnergyService.swift in Sources */,
				9437874A0466D70895F58370 /* ExportService.swift in Sources */,
				B1EF03CABAEF84A30A7EB49D /* HesService.swift in Sources */,
				966B380C6A0CFC5B05596788 /* MqttCommandMap.swift in Sources */,
				A08520650F4FEBE3801BE33E /* MqttDevice.swift in Sources */,
				94B5CACF7CE00773C84A652A /* MqttDeviceCharger.swift in Sources */,
				BF2DF45693D37712B0C450FD /* MqttDeviceFactory.swift in Sources */,
				AD7D03EBF4C7F3FB2B4F4BB3 /* MqttDevicePps.swift in Sources */,
				35826E770D68BEEE771C8931 /* MqttDeviceSolarbank.swift in Sources */,
				4604097E1E6AD51AF2F25B55 /* MqttDeviceVarious.swift in Sources */,
				5AEE39711684CB8C3FECE852 /* MqttMap.swift in Sources */,
				87FD7FF739C9664796D886AF /* MqttSession.swift in Sources */,
				E600A3E988C401A3731F779C /* MqttTypes.swift in Sources */,
				4A29C7D62F51C586001A1C38 /* SolixMenuApp.swift in Sources */,
				8D0D0BA12C1FC633FD1D6B57 /* PowerPanelService.swift in Sources */,
				D6BA4CB75F7D15E66D09E186 /* ScheduleService.swift in Sources */,
				5B86CE9D6E7668B237FC5A2C /* SolixApi.swift in Sources */,
				D9617E28B618319BE01F1D7E /* TestApiEndpoints.swift in Sources */,
				D6E56E918B8565FCA363B953 /* TestApiLogin.swift in Sources */,
				D0CFE046D407A06560C1D4C5 /* TestApiSitesDevices.swift in Sources */,
				7AAC6B603EBCEB2AF657C426 /* TestIntegrationRunner.swift in Sources */,
				5DF0199CCCBF87118D4EB6D6 /* TestMqttMonitor.swift in Sources */,
				E1F2A3B4C5D60718293A4B5C /* SolixAppCoordinator.swift in Sources */,
				E4F5A6B7C8D9012A3B4C5D6E /* SolixAppState.swift in Sources */,
				7B7C8D9E0F1234567890ABCD /* StatusBarController.swift in Sources */,
				5F4E3D2C1B0A090807060504 /* MenuItemRenderer.swift in Sources */,
				9C8B7A6D5E4F3210ABCDEF12 /* ChargeDischargeAnimator.swift in Sources */,
				A1B2C3D4E5F60718293A4B5D /* AccountSettingsWindow.swift in Sources */,
				A1B2C3D4E5F60718293A4B5F /* AboutWindow.swift in Sources */,
				A1B2C3D4E5F60718293A4B61 /* AppLocalization.swift in Sources */,
				C0A1B2C3D4E5F60718293A4C /* CredentialStore.swift in Sources */,
				C0A1B2C3D4E5F60718293A4E /* LoginController.swift in Sources */,
				3EA19876A38EE167DC499949 /* VehicleService.swift in Sources */,
			);
			runOnlyForDeploymentPostprocessing = 0;
		};
/* End PBXSourcesBuildPhase section */

/* Begin XCBuildConfiguration section */
		137927283AE4455626E926B3 /* Debug */ = {
			isa = XCBuildConfiguration;
			buildSettings = {
				COMBINE_HIDPI_IMAGES = YES;
				DEAD_CODE_STRIPPING = YES;
				LD_RUNPATH_SEARCH_PATHS = (
					"$(inherited)",
					"@executable_path/../Frameworks",
				);
				PRODUCT_BUNDLE_IDENTIFIER = com.example.TestTicket19CLI;
				SDKROOT = macosx;
			};
			name = Debug;
		};
		320B01EA939C76E0A16A0BCD /* Release */ = {
			isa = XCBuildConfiguration;
			buildSettings = {
				CODE_SIGN_IDENTITY = "Apple Development";
				"CODE_SIGN_IDENTITY[sdk=macosx*]" = "-";
				CODE_SIGN_STYLE = Automatic;
				COMBINE_HIDPI_IMAGES = YES;
				CURRENT_PROJECT_VERSION = 11;
				DEAD_CODE_STRIPPING = YES;
				DEFINES_MODULE = YES;
				DEVELOPMENT_TEAM = 23889H77KX;
				DYLIB_COMPATIBILITY_VERSION = 1;
				DYLIB_CURRENT_VERSION = 1;
				DYLIB_INSTALL_NAME_BASE = "@rpath";
				ENABLE_HARDENED_RUNTIME = YES;
				ENABLE_MODULE_VERIFIER = YES;
				INFOPLIST_FILE = Sources/App/Info.plist;
				INFOPLIST_KEY_LSUIElement = YES;
				INSTALL_PATH = "$(LOCAL_APPS_DIR)";
				LD_RUNPATH_SEARCH_PATHS = (
					"$(inherited)",
					"@executable_path/../Frameworks",
				);
				MACOSX_DEPLOYMENT_TARGET = 26.0;
				MARKETING_VERSION = 1.0.11;
				MODULE_VERIFIER_SUPPORTED_LANGUAGE_STANDARDS = "gnu11 gnu++14";
				PRODUCT_BUNDLE_IDENTIFIER = st.rio.solixmenu;
				PROVISIONING_PROFILE_SPECIFIER = "";
				SDKROOT = macosx;
				SKIP_INSTALL = NO;
				SWIFT_VERSION = 6.0;
				VERSIONING_SYSTEM = "apple-generic";
			};
			name = Release;
		};
		37AB2665084485F043C604EB /* Debug */ = {
			isa = XCBuildConfiguration;
			buildSettings = {
				ALWAYS_SEARCH_USER_PATHS = NO;
				CLANG_ANALYZER_NONNULL = YES;
				CLANG_ANALYZER_NUMBER_OBJECT_CONVERSION = YES_AGGRESSIVE;
				CLANG_CXX_LANGUAGE_STANDARD = "gnu++14";
				CLANG_CXX_LIBRARY = "libc++";
				CLANG_ENABLE_MODULES = YES;
				CLANG_ENABLE_OBJC_ARC = YES;
				CLANG_ENABLE_OBJC_WEAK = YES;
				CLANG_WARN_BLOCK_CAPTURE_AUTORELEASING = YES;
				CLANG_WARN_BOOL_CONVERSION = YES;
				CLANG_WARN_COMMA = YES;
				CLANG_WARN_CONSTANT_CONVERSION = YES;
				CLANG_WARN_DEPRECATED_OBJC_IMPLEMENTATIONS = YES;
				CLANG_WARN_DIRECT_OBJC_ISA_USAGE = YES_ERROR;
				CLANG_WARN_DOCUMENTATION_COMMENTS = YES;
				CLANG_WARN_EMPTY_BODY = YES;
				CLANG_WARN_ENUM_CONVERSION = YES;
				CLANG_WARN_INFINITE_RECURSION = YES;
				CLANG_WARN_INT_CONVERSION = YES;
				CLANG_WARN_NON_LITERAL_NULL_CONVERSION = YES;
				CLANG_WARN_OBJC_IMPLICIT_RETAIN_SELF = YES;
				CLANG_WARN_OBJC_LITERAL_CONVERSION = YES;
				CLANG_WARN_OBJC_ROOT_CLASS = YES_ERROR;
				CLANG_WARN_QUOTED_INCLUDE_IN_FRAMEWORK_HEADER = YES;
				CLANG_WARN_RANGE_LOOP_ANALYSIS = YES;
				CLANG_WARN_STRICT_PROTOTYPES = YES;
				CLANG_WARN_SUSPICIOUS_MOVE = YES;
				CLANG_WARN_UNGUARDED_AVAILABILITY = YES_AGGRESSIVE;
				CLANG_WARN_UNREACHABLE_CODE = YES;
				CLANG_WARN__DUPLICATE_METHOD_MATCH = YES;
				COPY_PHASE_STRIP = NO;
				DEAD_CODE_STRIPPING = YES;
				DEBUG_INFORMATION_FORMAT = dwarf;
				ENABLE_STRICT_OBJC_MSGSEND = YES;
				ENABLE_TESTABILITY = YES;
				ENABLE_USER_SCRIPT_SANDBOXING = YES;
				GCC_C_LANGUAGE_STANDARD = gnu11;
				GCC_DYNAMIC_NO_PIC = NO;
				GCC_NO_COMMON_BLOCKS = YES;
				GCC_OPTIMIZATION_LEVEL = 0;
				GCC_PREPROCESSOR_DEFINITIONS = (
					"$(inherited)",
					"DEBUG=1",
				);
				GCC_WARN_64_TO_32_BIT_CONVERSION = YES;
				GCC_WARN_ABOUT_RETURN_TYPE = YES_ERROR;
				GCC_WARN_UNDECLARED_SELECTOR = YES;
				GCC_WARN_UNINITIALIZED_AUTOS = YES_AGGRESSIVE;
				GCC_WARN_UNUSED_FUNCTION = YES;
				GCC_WARN_UNUSED_VARIABLE = YES;
				MTL_ENABLE_DEBUG_INFO = INCLUDE_SOURCE;
				MTL_FAST_MATH = YES;
				ONLY_ACTIVE_ARCH = YES;
				PRODUCT_NAME = "$(TARGET_NAME)";
				SDKROOT = macosx;
				STRING_CATALOG_GENERATE_SYMBOLS = YES;
				SWIFT_ACTIVE_COMPILATION_CONDITIONS = DEBUG;
				SWIFT_OPTIMIZATION_LEVEL = "-Onone";
				SWIFT_VERSION = 5.0;
				deploymentTarget = 13.0;
			};
			name = Debug;
		};
		5A44C12D99DBAC1058C1BE04 /* Release */ = {
			isa = XCBuildConfiguration;
			buildSettings = {
				ALWAYS_SEARCH_USER_PATHS = NO;
				CLANG_ANALYZER_NONNULL = YES;
				CLANG_ANALYZER_NUMBER_OBJECT_CONVERSION = YES_AGGRESSIVE;
				CLANG_CXX_LANGUAGE_STANDARD = "gnu++14";
				CLANG_CXX_LIBRARY = "libc++";
				CLANG_ENABLE_MODULES = YES;
				CLANG_ENABLE_OBJC_ARC = YES;
				CLANG_ENABLE_OBJC_WEAK = YES;
				CLANG_WARN_BLOCK_CAPTURE_AUTORELEASING = YES;
				CLANG_WARN_BOOL_CONVERSION = YES;
				CLANG_WARN_COMMA = YES;
				CLANG_WARN_CONSTANT_CONVERSION = YES;
				CLANG_WARN_DEPRECATED_OBJC_IMPLEMENTATIONS = YES;
				CLANG_WARN_DIRECT_OBJC_ISA_USAGE = YES_ERROR;
				CLANG_WARN_DOCUMENTATION_COMMENTS = YES;
				CLANG_WARN_EMPTY_BODY = YES;
				CLANG_WARN_ENUM_CONVERSION = YES;
				CLANG_WARN_INFINITE_RECURSION = YES;
				CLANG_WARN_INT_CONVERSION = YES;
				CLANG_WARN_NON_LITERAL_NULL_CONVERSION = YES;
				CLANG_WARN_OBJC_IMPLICIT_RETAIN_SELF = YES;
				CLANG_WARN_OBJC_LITERAL_CONVERSION = YES;
				CLANG_WARN_OBJC_ROOT_CLASS = YES_ERROR;
				CLANG_WARN_QUOTED_INCLUDE_IN_FRAMEWORK_HEADER = YES;
				CLANG_WARN_RANGE_LOOP_ANALYSIS = YES;
				CLANG_WARN_STRICT_PROTOTYPES = YES;
				CLANG_WARN_SUSPICIOUS_MOVE = YES;
				CLANG_WARN_UNGUARDED_AVAILABILITY = YES_AGGRESSIVE;
				CLANG_WARN_UNREACHABLE_CODE = YES;
				CLANG_WARN__DUPLICATE_METHOD_MATCH = YES;
				COPY_PHASE_STRIP = NO;
				DEAD_CODE_STRIPPING = YES;
				DEBUG_INFORMATION_FORMAT = "dwarf-with-dsym";
				ENABLE_NS_ASSERTIONS = NO;
				ENABLE_STRICT_OBJC_MSGSEND = YES;
				ENABLE_USER_SCRIPT_SANDBOXING = YES;
				GCC_C_LANGUAGE_STANDARD = gnu11;
				GCC_NO_COMMON_BLOCKS = YES;
				GCC_WARN_64_TO_32_BIT_CONVERSION = YES;
				GCC_WARN_ABOUT_RETURN_TYPE = YES_ERROR;
				GCC_WARN_UNDECLARED_SELECTOR = YES;
				GCC_WARN_UNINITIALIZED_AUTOS = YES_AGGRESSIVE;
				GCC_WARN_UNUSED_FUNCTION = YES;
				GCC_WARN_UNUSED_VARIABLE = YES;
				MTL_ENABLE_DEBUG_INFO = NO;
				MTL_FAST_MATH = YES;
				PRODUCT_NAME = "$(TARGET_NAME)";
				SDKROOT = macosx;
				STRING_CATALOG_GENERATE_SYMBOLS = YES;
				SWIFT_COMPILATION_MODE = wholemodule;
				SWIFT_OPTIMIZATION_LEVEL = "-O";
				SWIFT_VERSION = 5.0;
				deploymentTarget = 13.0;
			};
			name = Release;
		};
		8C711A5B960D0EBE62D44BF4 /* Release */ = {
			isa = XCBuildConfiguration;
			buildSettings = {
				COMBINE_HIDPI_IMAGES = YES;
				DEAD_CODE_STRIPPING = YES;
				LD_RUNPATH_SEARCH_PATHS = (
					"$(inherited)",
					"@executable_path/../Frameworks",
				);
				PRODUCT_BUNDLE_IDENTIFIER = com.example.TestTicket19CLI;
				SDKROOT = macosx;
			};
			name = Release;
		};
		8DA9026164558818B00A7B69 /* Debug */ = {
			isa = XCBuildConfiguration;
			buildSettings = {
				CODE_SIGN_IDENTITY = "Apple Development";
				"CODE_SIGN_IDENTITY[sdk=macosx*]" = "-";
				CODE_SIGN_STYLE = Automatic;
				COMBINE_HIDPI_IMAGES = YES;
				CURRENT_PROJECT_VERSION = 11;
				DEAD_CODE_STRIPPING = YES;
				DEFINES_MODULE = YES;
				DEVELOPMENT_TEAM = 23889H77KX;
				DYLIB_COMPATIBILITY_VERSION = 1;
				DYLIB_CURRENT_VERSION = 1;
				DYLIB_INSTALL_NAME_BASE = "@rpath";
				ENABLE_HARDENED_RUNTIME = YES;
				ENABLE_MODULE_VERIFIER = YES;
				INFOPLIST_FILE = Sources/App/Info.plist;
				INFOPLIST_KEY_LSUIElement = YES;
				INSTALL_PATH = "$(LOCAL_APPS_DIR)";
				LD_RUNPATH_SEARCH_PATHS = (
					"$(inherited)",
					"@executable_path/../Frameworks",
				);
				MACOSX_DEPLOYMENT_TARGET = 26.0;
				MARKETING_VERSION = 1.0.11;
				MODULE_VERIFIER_SUPPORTED_LANGUAGE_STANDARDS = "gnu11 gnu++14";
				PRODUCT_BUNDLE_IDENTIFIER = st.rio.solixmenu;
				PROVISIONING_PROFILE_SPECIFIER = "";
				SDKROOT = macosx;
				SKIP_INSTALL = NO;
				SWIFT_VERSION = 6.0;
				VERSIONING_SYSTEM = "apple-generic";
			};
			name = Debug;
		};
/* End XCBuildConfiguration section */

/* Begin XCConfigurationList section */
		12B633BA370B9B3EAC9601F4 /* Build configuration list for PBXProject "SolixMenu" */ = {
			isa = XCConfigurationList;
			buildConfigurations = (
				37AB2665084485F043C604EB /* Debug */,
				5A44C12D99DBAC1058C1BE04 /* Release */,
			);
			defaultConfigurationIsVisible = 0;
			defaultConfigurationName = Debug;
		};
		A1065A44CCA96BE164BB5C34 /* Build configuration list for PBXNativeTarget "SolixMenu" */ = {
			isa = XCConfigurationList;
			buildConfigurations = (
				8DA9026164558818B00A7B69 /* Debug */,
				320B01EA939C76E0A16A0BCD /* Release */,
			);
			defaultConfigurationIsVisible = 0;
			defaultConfigurationName = Debug;
		};
		DF8270D29C34C7B613C5E37D /* Build configuration list for PBXNativeTarget "TestTicket19CLI" */ = {
			isa = XCConfigurationList;
			buildConfigurations = (
				137927283AE4455626E926B3 /* Debug */,
				8C711A5B960D0EBE62D44BF4 /* Release */,
			);
			defaultConfigurationIsVisible = 0;
			defaultConfigurationName = Debug;
		};
/* End XCConfigurationList section */

/* Begin XCRemoteSwiftPackageReference section */
		58CB04D981CB61C19CABAFDB /* XCRemoteSwiftPackageReference "mqtt-nio" */ = {
			isa = XCRemoteSwiftPackageReference;
			repositoryURL = "https://github.com/swift-server-community/mqtt-nio.git";
			requirement = {
				kind = upToNextMajorVersion;
				minimumVersion = 2.13.0;
			};
		};
/* End XCRemoteSwiftPackageReference section */

/* Begin XCSwiftPackageProductDependency section */
		7C9DFD0F1FFFF5250B13C0A2 /* MQTTNIO */ = {
			isa = XCSwiftPackageProductDependency;
			package = 58CB04D981CB61C19CABAFDB /* XCRemoteSwiftPackageReference "mqtt-nio" */;
			productName = MQTTNIO;
		};
		FF3BAD250D06679F56EA2515 /* MQTTNIO */ = {
			isa = XCSwiftPackageProductDependency;
			package = 58CB04D981CB61C19CABAFDB /* XCRemoteSwiftPackageReference "mqtt-nio" */;
			productName = MQTTNIO;
		};
/* End XCSwiftPackageProductDependency section */
	};
	rootObject = BFCB6DB67B7BF644FC327F47 /* Project object */;
}
